// !$*UTF8*$!
{
	archiveVersion = 1;
	classes = {
	};
	objectVersion = 46;
	objects = {

/* Begin PBXBuildFile section */
		000EA0AF1CB3BAF500B38114 /* AppDelegate.swift in Sources */ = {isa = PBXBuildFile; fileRef = 000EA0AE1CB3BAF500B38114 /* AppDelegate.swift */; };
		000EA0B11CB3BAF500B38114 /* ViewController.swift in Sources */ = {isa = PBXBuildFile; fileRef = 000EA0B01CB3BAF500B38114 /* ViewController.swift */; };
		000EA0B41CB3BAF500B38114 /* Main.storyboard in Resources */ = {isa = PBXBuildFile; fileRef = 000EA0B21CB3BAF500B38114 /* Main.storyboard */; };
		000EA0B61CB3BAF500B38114 /* Assets.xcassets in Resources */ = {isa = PBXBuildFile; fileRef = 000EA0B51CB3BAF500B38114 /* Assets.xcassets */; };
		000EA0B91CB3BAF500B38114 /* LaunchScreen.storyboard in Resources */ = {isa = PBXBuildFile; fileRef = 000EA0B71CB3BAF500B38114 /* LaunchScreen.storyboard */; };
		000EA0C31CB3BB0300B38114 /* SWRevealViewController.m in Sources */ = {isa = PBXBuildFile; fileRef = 000EA0C21CB3BB0300B38114 /* SWRevealViewController.m */; };
		000EA0C51CB3BF8400B38114 /* OurViewController.swift in Sources */ = {isa = PBXBuildFile; fileRef = 000EA0C41CB3BF8400B38114 /* OurViewController.swift */; };
/* End PBXBuildFile section */

/* Begin PBXFileReference section */
		000EA0AB1CB3BAF500B38114 /* SlideOutMenu.app */ = {isa = PBXFileReference; explicitFileType = wrapper.application; includeInIndex = 0; path = SlideOutMenu.app; sourceTree = BUILT_PRODUCTS_DIR; };
		000EA0AE1CB3BAF500B38114 /* AppDelegate.swift */ = {isa = PBXFileReference; lastKnownFileType = sourcecode.swift; path = AppDelegate.swift; sourceTree = "<group>"; };
		000EA0B01CB3BAF500B38114 /* ViewController.swift */ = {isa = PBXFileReference; lastKnownFileType = sourcecode.swift; path = ViewController.swift; sourceTree = "<group>"; };
		000EA0B31CB3BAF500B38114 /* Base */ = {isa = PBXFileReference; lastKnownFileType = file.storyboard; name = Base; path = Base.lproj/Main.storyboard; sourceTree = "<group>"; };
		000EA0B51CB3BAF500B38114 /* Assets.xcassets */ = {isa = PBXFileReference; lastKnownFileType = folder.assetcatalog; path = Assets.xcassets; sourceTree = "<group>"; };
		000EA0B81CB3BAF500B38114 /* Base */ = {isa = PBXFileReference; lastKnownFileType = file.storyboard; name = Base; path = Base.lproj/LaunchScreen.storyboard; sourceTree = "<group>"; };
		000EA0BA1CB3BAF500B38114 /* Info.plist */ = {isa = PBXFileReference; lastKnownFileType = text.plist.xml; path = Info.plist; sourceTree = "<group>"; };
		000EA0C01CB3BB0200B38114 /* SlideOutMenu-Bridging-Header.h */ = {isa = PBXFileReference; lastKnownFileType = sourcecode.c.h; path = "SlideOutMenu-Bridging-Header.h"; sourceTree = "<group>"; };
		000EA0C11CB3BB0300B38114 /* SWRevealViewController.h */ = {isa = PBXFileReference; fileEncoding = 4; lastKnownFileType = sourcecode.c.h; path = SWRevealViewController.h; sourceTree = "<group>"; };
		000EA0C21CB3BB0300B38114 /* SWRevealViewController.m */ = {isa = PBXFileReference; fileEncoding = 4; lastKnownFileType = sourcecode.c.objc; path = SWRevealViewController.m; sourceTree = "<group>"; };
		000EA0C41CB3BF8400B38114 /* OurViewController.swift */ = {isa = PBXFileReference; fileEncoding = 4; lastKnownFileType = sourcecode.swift; path = OurViewController.swift; sourceTree = "<group>"; };
/* End PBXFileReference section */

/* Begin PBXFrameworksBuildPhase section */
		000EA0A81CB3BAF500B38114 /* Frameworks */ = {
			isa = PBXFrameworksBuildPhase;
			buildActionMask = 2147483647;
			files = (
			);
			runOnlyForDeploymentPostprocessing = 0;
		};
/* End PBXFrameworksBuildPhase section */

/* Begin PBXGroup section */
		000EA0A21CB3BAF500B38114 = {
			isa = PBXGroup;
			children = (
				000EA0AD1CB3BAF500B38114 /* SlideOutMenu */,
				000EA0AC1CB3BAF500B38114 /* Products */,
			);
			sourceTree = "<group>";
		};
		000EA0AC1CB3BAF500B38114 /* Products */ = {
			isa = PBXGroup;
			children = (
				000EA0AB1CB3BAF500B38114 /* SlideOutMenu.app */,
			);
			name = Products;
			sourceTree = "<group>";
		};
		000EA0AD1CB3BAF500B38114 /* SlideOutMenu */ = {
			isa = PBXGroup;
			children = (
				000EA0C11CB3BB0300B38114 /* SWRevealViewController.h */,
				000EA0C21CB3BB0300B38114 /* SWRevealViewController.m */,
				000EA0AE1CB3BAF500B38114 /* AppDelegate.swift */,
				000EA0B01CB3BAF500B38114 /* ViewController.swift */,
				000EA0B21CB3BAF500B38114 /* Main.storyboard */,
				000EA0B51CB3BAF500B38114 /* Assets.xcassets */,
				000EA0B71CB3BAF500B38114 /* LaunchScreen.storyboard */,
				000EA0BA1CB3BAF500B38114 /* Info.plist */,
				000EA0C01CB3BB0200B38114 /* SlideOutMenu-Bridging-Header.h */,
				000EA0C41CB3BF8400B38114 /* OurViewController.swift */,
			);
			path = SlideOutMenu;
			sourceTree = "<group>";
		};
/* End PBXGroup section */

/* Begin PBXNativeTarget section */
		000EA0AA1CB3BAF500B38114 /* SlideOutMenu */ = {
			isa = PBXNativeTarget;
			buildConfigurationList = 000EA0BD1CB3BAF500B38114 /* Build configuration list for PBXNativeTarget "SlideOutMenu" */;
			buildPhases = (
				000EA0A71CB3BAF500B38114 /* Sources */,
				000EA0A81CB3BAF500B38114 /* Frameworks */,
				000EA0A91CB3BAF500B38114 /* Resources */,
			);
			buildRules = (
			);
			dependencies = (
			);
			name = SlideOutMenu;
			productName = SlideOutMenu;
			productReference = 000EA0AB1CB3BAF500B38114 /* SlideOutMenu.app */;
			productType = "com.apple.product-type.application";
		};
/* End PBXNativeTarget section */

/* Begin PBXProject section */
		000EA0A31CB3BAF500B38114 /* Project object */ = {
			isa = PBXProject;
			attributes = {
				LastSwiftUpdateCheck = 0730;
				LastUpgradeCheck = 0730;
				ORGANIZATIONNAME = upbeatios;
				TargetAttributes = {
					000EA0AA1CB3BAF500B38114 = {
						CreatedOnToolsVersion = 7.3;
					};
				};
			};
			buildConfigurationList = 000EA0A61CB3BAF500B38114 /* Build configuration list for PBXProject "SlideOutMenu" */;
			compatibilityVersion = "Xcode 3.2";
			developmentRegion = English;
			hasScannedForEncodings = 0;
			knownRegions = (
				en,
				Base,
			);
			mainGroup = 000EA0A21CB3BAF500B38114;
			productRefGroup = 000EA0AC1CB3BAF500B38114 /* Products */;
			projectDirPath = "";
			projectRoot = "";
			targets = (
				000EA0AA1CB3BAF500B38114 /* SlideOutMenu */,
			);
		};
/* End PBXProject section */

/* Begin PBXResourcesBuildPhase section */
		000EA0A91CB3BAF500B38114 /* Resources */ = {
			isa = PBXResourcesBuildPhase;
			buildActionMask = 2147483647;
			files = (
				000EA0B91CB3BAF500B38114 /* LaunchScreen.storyboard in Resources */,
				000EA0B61CB3BAF500B38114 /* Assets.xcassets in Resources */,
				000EA0B41CB3BAF500B38114 /* Main.storyboard in Resources */,
			);
			runOnlyForDeploymentPostprocessing = 0;
		};
/* End PBXResourcesBuildPhase section */

/* Begin PBXSourcesBuildPhase section */
		000EA0A71CB3BAF500B38114 /* Sources */ = {
			isa = PBXSourcesBuildPhase;
			buildActionMask = 2147483647;
			files = (
				000EA0B11CB3BAF500B38114 /* ViewController.swift in Sources */,
				000EA0AF1CB3BAF500B38114 /* AppDelegate.swift in Sources */,
				000EA0C31CB3BB0300B38114 /* SWRevealViewController.m in Sources */,
				000EA0C51CB3BF8400B38114 /* OurViewController.swift in Sources */,
			);
			runOnlyForDeploymentPostprocessing = 0;
		};
/* End PBXSourcesBuildPhase section */

/* Begin PBXVariantGroup section */
		000EA0B21CB3BAF500B38114 /* Main.storyboard */ = {
			isa = PBXVariantGroup;
			children = (
				000EA0B31CB3BAF500B38114 /* Base */,
			);
			name = Main.storyboard;
			sourceTree = "<group>";
		};
		000EA0B71CB3BAF500B38114 /* LaunchScreen.storyboard */ = {
			isa = PBXVariantGroup;
			children = (
				000EA0B81CB3BAF500B38114 /* Base */,
			);
			name = LaunchScreen.storyboard;
			sourceTree = "<group>";
		};
/* End PBXVariantGroup section */

/* Begin XCBuildConfiguration section */
		000EA0BB1CB3BAF500B38114 /* Debug */ = {
			isa = XCBuildConfiguration;
			buildSettings = {
				ALWAYS_SEARCH_USER_PATHS = NO;
				CLANG_ANALYZER_NONNULL = YES;
				CLANG_CXX_LANGUAGE_STANDARD = "gnu++0x";
				CLANG_CXX_LIBRARY = "libc++";
				CLANG_ENABLE_MODULES = YES;
				CLANG_ENABLE_OBJC_ARC = YES;
				CLANG_WARN_BOOL_CONVERSION = YES;
				CLANG_WARN_CONSTANT_CONVERSION = YES;
				CLANG_WARN_DIRECT_OBJC_ISA_USAGE = YES_ERROR;
				CLANG_WARN_EMPTY_BODY = YES;
				CLANG_WARN_ENUM_CONVERSION = YES;
				CLANG_WARN_INT_CONVERSION = YES;
				CLANG_WARN_OBJC_ROOT_CLASS = YES_ERROR;
				CLANG_WARN_UNREACHABLE_CODE = YES;
				CLANG_WARN__DUPLICATE_METHOD_MATCH = YES;
				"CODE_SIGN_IDENTITY[sdk=iphoneos*]" = "iPhone Developer";
				COPY_PHASE_STRIP = NO;
				DEBUG_INFORMATION_FORMAT = dwarf;
				ENABLE_STRICT_OBJC_MSGSEND = YES;
				ENABLE_TESTABILITY = YES;
				GCC_C_LANGUAGE_STANDARD = gnu99;
				GCC_DYNAMIC_NO_PIC = NO;
				GCC_NO_COMMON_BLOCKS = YES;
				GCC_OPTIMIZATION_LEVEL = 0;
				GCC_PREPROCESSOR_DEFINITIONS = (
					"DEBUG=1",
					"$(inherited)",
				);
				GCC_WARN_64_TO_32_BIT_CONVERSION = YES;
				GCC_WARN_ABOUT_RETURN_TYPE = YES_ERROR;
				GCC_WARN_UNDECLARED_SELECTOR = YES;
				GCC_WARN_UNINITIALIZED_AUTOS = YES_AGGRESSIVE;
				GCC_WARN_UNUSED_FUNCTION = YES;
				GCC_WARN_UNUSED_VARIABLE = YES;
				IPHONEOS_DEPLOYMENT_TARGET = 9.3;
				MTL_ENABLE_DEBUG_INFO = YES;
				ONLY_ACTIVE_ARCH = YES;
				SDKROOT = iphoneos;
				SWIFT_OPTIMIZATION_LEVEL = "-Onone";
			};
			name = Debug;
		};
		000EA0BC1CB3BAF500B38114 /* Release */ = {
			isa = XCBuildConfiguration;
			buildSettings = {
				ALWAYS_SEARCH_USER_PATHS = NO;
				CLANG_ANALYZER_NONNULL = YES;
				CLANG_CXX_LANGUAGE_STANDARD = "gnu++0x";
				CLANG_CXX_LIBRARY = "libc++";
				CLANG_ENABLE_MODULES = YES;
				CLANG_ENABLE_OBJC_ARC = YES;
				CLANG_WARN_BOOL_CONVERSION = YES;
				CLANG_WARN_CONSTANT_CONVERSION = YES;
				CLANG_WARN_DIRECT_OBJC_ISA_USAGE = YES_ERROR;
				CLANG_WARN_EMPTY_BODY = YES;
				CLANG_WARN_ENUM_CONVERSION = YES;
				CLANG_WARN_INT_CONVERSION = YES;
				CLANG_WARN_OBJC_ROOT_CLASS = YES_ERROR;
				CLANG_WARN_UNREACHABLE_CODE = YES;
				CLANG_WARN__DUPLICATE_METHOD_MATCH = YES;
				"CODE_SIGN_IDENTITY[sdk=iphoneos*]" = "iPhone Developer";
				COPY_PHASE_STRIP = NO;
				DEBUG_INFORMATION_FORMAT = "dwarf-with-dsym";
				ENABLE_NS_ASSERTIONS = NO;
				ENABLE_STRICT_OBJC_MSGSEND = YES;
				GCC_C_LANGUAGE_STANDARD = gnu99;
				GCC_NO_COMMON_BLOCKS = YES;
				GCC_WARN_64_TO_32_BIT_CONVERSION = YES;
				GCC_WARN_ABOUT_RETURN_TYPE = YES_ERROR;
				GCC_WARN_UNDECLARED_SELECTOR = YES;
				GCC_WARN_UNINITIALIZED_AUTOS = YES_AGGRESSIVE;
				GCC_WARN_UNUSED_FUNCTION = YES;
				GCC_WARN_UNUSED_VARIABLE = YES;
				IPHONEOS_DEPLOYMENT_TARGET = 9.3;
				MTL_ENABLE_DEBUG_INFO = NO;
				SDKROOT = iphoneos;
				VALIDATE_PRODUCT = YES;
			};
			name = Release;
		};
		000EA0BE1CB3BAF500B38114 /* Debug */ = {
			isa = XCBuildConfiguration;
			buildSettings = {
				ASSETCATALOG_COMPILER_APPICON_NAME = AppIcon;
				CLANG_ENABLE_MODULES = YES;
				INFOPLIST_FILE = SlideOutMenu/Info.plist;
				LD_RUNPATH_SEARCH_PATHS = "$(inherited) @executable_path/Frameworks";
				PRODUCT_BUNDLE_IDENTIFIER = com.upbeatios.me.SlideOutMenu;
				PRODUCT_NAME = "$(TARGET_NAME)";
				SWIFT_OBJC_BRIDGING_HEADER = "SlideOutMenu/SlideOutMenu-Bridging-Header.h";
				SWIFT_OPTIMIZATION_LEVEL = "-Onone";
			};
			name = Debug;
		};
		000EA0BF1CB3BAF500B38114 /* Release */ = {
			isa = XCBuildConfiguration;
			buildSettings = {
				ASSETCATALOG_COMPILER_APPICON_NAME = AppIcon;
				CLANG_ENABLE_MODULES = YES;
				INFOPLIST_FILE = SlideOutMenu/Info.plist;
				LD_RUNPATH_SEARCH_PATHS = "$(inherited) @executable_path/Frameworks";
				PRODUCT_BUNDLE_IDENTIFIER = com.upbeatios.me.SlideOutMenu;
				PRODUCT_NAME = "$(TARGET_NAME)";
				SWIFT_OBJC_BRIDGING_HEADER = "SlideOutMenu/SlideOutMenu-Bridging-Header.h";
			};
			name = Release;
		};
/* End XCBuildConfiguration section */

/* Begin XCConfigurationList section */
		000EA0A61CB3BAF500B38114 /* Build configuration list for PBXProject "SlideOutMenu" */ = {
			isa = XCConfigurationList;
			buildConfigurations = (
				000EA0BB1CB3BAF500B38114 /* Debug */,
				000EA0BC1CB3BAF500B38114 /* Release */,
			);
			defaultConfigurationIsVisible = 0;
			defaultConfigurationName = Release;
		};
		000EA0BD1CB3BAF500B38114 /* Build configuration list for PBXNativeTarget "SlideOutMenu" */ = {
			isa = XCConfigurationList;
			buildConfigurations = (
				000EA0BE1CB3BAF500B38114 /* Debug */,
				000EA0BF1CB3BAF500B38114 /* Release */,
			);
			defaultConfigurationIsVisible = 0;
		};
/* End XCConfigurationList section */
	};
	rootObject = 000EA0A31CB3BAF500B38114 /* Project object */;
}
